
Microsoft Visual Studio Solution File, Format Version 12.00
# Visual Studio Version 17
VisualStudioVersion = 17.0.32112.339
MinimumVisualStudioVersion = 10.0.40219.1
Project("{FAE04EC0-301F-11D3-BF4B-00C04F79EFBC}") = "WPF_Lab_16", "WPF_Lab_16.csproj", "{FB2A7AAC-8B4B-47F8-BB03-578317116966}"
EndProject
Project("{FAE04EC0-301F-11D3-BF4B-00C04F79EFBC}") = "WPF_Lab_16_1", "..\WPF_Lab_16_1\WPF_Lab_16_1.csproj", "{8305F4EC-58A7-4552-9FF3-0744F85C08BE}"
EndProject
Global
	GlobalSection(SolutionConfigurationPlatforms) = preSolution
		Debug|Any CPU = Debug|Any CPU
		Release|Any CPU = Release|Any CPU
	EndGlobalSection
	GlobalSection(ProjectConfigurationPlatforms) = postSolution
		{FB2A7AAC-8B4B-47F8-BB03-578317116966}.Debug|Any CPU.ActiveCfg = Debug|Any CPU
		{FB2A7AAC-8B4B-47F8-BB03-578317116966}.Debug|Any CPU.Build.0 = Debug|Any CPU
		{FB2A7AAC-8B4B-47F8-BB03-578317116966}.Release|Any CPU.ActiveCfg = Release|Any CPU
		{FB2A7AAC-8B4B-47F8-BB03-578317116966}.Release|Any CPU.Build.0 = Release|Any CPU
		{8305F4EC-58A7-4552-9FF3-0744F85C08BE}.Debug|Any CPU.ActiveCfg = Debug|Any CPU
		{8305F4EC-58A7-4552-9FF3-0744F85C08BE}.Debug|Any CPU.Build.0 = Debug|Any CPU
		{8305F4EC-58A7-4552-9FF3-0744F85C08BE}.Release|Any CPU.ActiveCfg = Release|Any CPU
		{8305F4EC-58A7-4552-9FF3-0744F85C08BE}.Release|Any CPU.Build.0 = Release|Any CPU
	EndGlobalSection
	GlobalSection(SolutionProperties) = preSolution
		HideSolutionNode = FALSE
	EndGlobalSection
	GlobalSection(ExtensibilityGlobals) = postSolution
		SolutionGuid = {1784FD67-E59A-4461-9F56-8BA1DD77B329}
	EndGlobalSection
EndGlobal
